
Microsoft Visual Studio Solution File, Format Version 12.00
# Visual Studio Version 17
VisualStudioVersion = 17.4.33103.184
MinimumVisualStudioVersion = 10.0.40219.1
Project("{FAE04EC0-301F-11D3-BF4B-00C04F79EFBC}") = "pdftoxml", "pdftoxml\pdftoxml.csproj", "{C1B643AE-C049-4642-9985-56B25C3A3475}"
EndProject
Global
	GlobalSection(SolutionConfigurationPlatforms) = preSolution
		Debug|Any CPU = Debug|Any CPU
		Release|Any CPU = Release|Any CPU
	EndGlobalSection
	GlobalSection(ProjectConfigurationPlatforms) = postSolution
		{C1B643AE-C049-4642-9985-56B25C3A3475}.Debug|Any CPU.ActiveCfg = Debug|Any CPU
		{C1B643AE-C049-4642-9985-56B25C3A3475}.Debug|Any CPU.Build.0 = Debug|Any CPU
		{C1B643AE-C049-4642-9985-56B25C3A3475}.Release|Any CPU.ActiveCfg = Release|Any CPU
		{C1B643AE-C049-4642-9985-56B25C3A3475}.Release|Any CPU.Build.0 = Release|Any CPU
	EndGlobalSection
	GlobalSection(SolutionProperties) = preSolution
		HideSolutionNode = FALSE
	EndGlobalSection
	GlobalSection(ExtensibilityGlobals) = postSolution
		SolutionGuid = {554C1AE1-4D62-4D1A-8D6E-89696938A176}
	EndGlobalSection
EndGlobal
